
Microsoft Visual Studio Solution File, Format Version 12.00
# Visual Studio Version 16
VisualStudioVersion = 16.0.30204.135
MinimumVisualStudioVersion = 10.0.40219.1
Project("{FAE04EC0-301F-11D3-BF4B-00C04F79EFBC}") = "View", "View\View.csproj", "{FF7BF539-B649-4E5F-B634-AA067C222DA8}"
EndProject
Global
	GlobalSection(SolutionConfigurationPlatforms) = preSolution
		Debug|Any CPU = Debug|Any CPU
		Release|Any CPU = Release|Any CPU
	EndGlobalSection
	GlobalSection(ProjectConfigurationPlatforms) = postSolution
		{FF7BF539-B649-4E5F-B634-AA067C222DA8}.Debug|Any CPU.ActiveCfg = Debug|Any CPU
		{FF7BF539-B649-4E5F-B634-AA067C222DA8}.Debug|Any CPU.Build.0 = Debug|Any CPU
		{FF7BF539-B649-4E5F-B634-AA067C222DA8}.Release|Any CPU.ActiveCfg = Release|Any CPU
		{FF7BF539-B649-4E5F-B634-AA067C222DA8}.Release|Any CPU.Build.0 = Release|Any CPU
	EndGlobalSection
	GlobalSection(SolutionProperties) = preSolution
		HideSolutionNode = FALSE
	EndGlobalSection
	GlobalSection(ExtensibilityGlobals) = postSolution
		SolutionGuid = {459E52E8-92CA-4725-BCEA-6E48CC62A39C}
	EndGlobalSection
EndGlobal
