
Microsoft Visual Studio Solution File, Format Version 12.00
# Visual Studio Version 16
VisualStudioVersion = 16.0.30204.135
MinimumVisualStudioVersion = 10.0.40219.1
Project("{FAE04EC0-301F-11D3-BF4B-00C04F79EFBC}") = "View", "View\View.csproj", "{D633A51E-0A03-4B36-8294-AB96B2F3ADC4}"
EndProject
Project("{FAE04EC0-301F-11D3-BF4B-00C04F79EFBC}") = "Cells", "Cells\Cells.csproj", "{C45FA6B5-13A8-4733-AB34-98E10292F7BC}"
EndProject
Project("{FAE04EC0-301F-11D3-BF4B-00C04F79EFBC}") = "ViewModel", "ViewModel\ViewModel.csproj", "{EA31149E-4CDD-42FC-8A2B-E76056570E71}"
EndProject
Project("{FAE04EC0-301F-11D3-BF4B-00C04F79EFBC}") = "Model", "Model\Model.csproj", "{65953169-F82A-4B5C-8A05-C1292644647C}"
EndProject
Global
	GlobalSection(SolutionConfigurationPlatforms) = preSolution
		Debug|Any CPU = Debug|Any CPU
		Release|Any CPU = Release|Any CPU
	EndGlobalSection
	GlobalSection(ProjectConfigurationPlatforms) = postSolution
		{D633A51E-0A03-4B36-8294-AB96B2F3ADC4}.Debug|Any CPU.ActiveCfg = Debug|Any CPU
		{D633A51E-0A03-4B36-8294-AB96B2F3ADC4}.Debug|Any CPU.Build.0 = Debug|Any CPU
		{D633A51E-0A03-4B36-8294-AB96B2F3ADC4}.Release|Any CPU.ActiveCfg = Release|Any CPU
		{D633A51E-0A03-4B36-8294-AB96B2F3ADC4}.Release|Any CPU.Build.0 = Release|Any CPU
		{C45FA6B5-13A8-4733-AB34-98E10292F7BC}.Debug|Any CPU.ActiveCfg = Debug|Any CPU
		{C45FA6B5-13A8-4733-AB34-98E10292F7BC}.Debug|Any CPU.Build.0 = Debug|Any CPU
		{C45FA6B5-13A8-4733-AB34-98E10292F7BC}.Release|Any CPU.ActiveCfg = Release|Any CPU
		{C45FA6B5-13A8-4733-AB34-98E10292F7BC}.Release|Any CPU.Build.0 = Release|Any CPU
		{EA31149E-4CDD-42FC-8A2B-E76056570E71}.Debug|Any CPU.ActiveCfg = Debug|Any CPU
		{EA31149E-4CDD-42FC-8A2B-E76056570E71}.Debug|Any CPU.Build.0 = Debug|Any CPU
		{EA31149E-4CDD-42FC-8A2B-E76056570E71}.Release|Any CPU.ActiveCfg = Release|Any CPU
		{EA31149E-4CDD-42FC-8A2B-E76056570E71}.Release|Any CPU.Build.0 = Release|Any CPU
		{65953169-F82A-4B5C-8A05-C1292644647C}.Debug|Any CPU.ActiveCfg = Debug|Any CPU
		{65953169-F82A-4B5C-8A05-C1292644647C}.Debug|Any CPU.Build.0 = Debug|Any CPU
		{65953169-F82A-4B5C-8A05-C1292644647C}.Release|Any CPU.ActiveCfg = Release|Any CPU
		{65953169-F82A-4B5C-8A05-C1292644647C}.Release|Any CPU.Build.0 = Release|Any CPU
	EndGlobalSection
	GlobalSection(SolutionProperties) = preSolution
		HideSolutionNode = FALSE
	EndGlobalSection
	GlobalSection(ExtensibilityGlobals) = postSolution
		SolutionGuid = {92AFCFB6-96C7-4F54-8E0F-008F48814400}
	EndGlobalSection
EndGlobal
